{
  "nodes": {
    "home-manager": {
      "inputs": {
        "nixpkgs": [
          "nixpkgs"
        ]
      },
      "locked": {
        "lastModified": 1783221248,
        "narHash": "sha256-ESQnuNHEDChsB4IxoLRhscVahqkDWkTb+qdIz8euYt4=",
        "owner": "nix-community",
        "repo": "home-manager",
        "rev": "af2beae5f0fae0a4310cc0e6aef2572f56090353",
        "type": "github"
      },
      "original": {
        "owner": "nix-community",
        "ref": "release-26.05",
        "repo": "home-manager",
        "type": "github"
      }
    },
    "nix-darwin": {
      "inputs": {
        "nixpkgs": [
          "nixpkgs"
        ]
      },
      "locked": {
        "lastModified": 1781772065,
        "narHash": "sha256-xIbRSwDB1GBAUsWsQZUjudGfAGQt3BOpsWaO/ugVa4w=",
        "owner": "nix-darwin",
        "repo": "nix-darwin",
        "rev": "adda04f0bf4819575b1978c2f8d78401b3c2be12",
        "type": "github"
      },
      "original": {
        "owner": "nix-darwin",
        "ref": "nix-darwin-26.05",
        "repo": "nix-darwin",
        "type": "github"
      }
    },
    "nixpkgs": {
      "locked": {
        "lastModified": 1783204497,
        "narHash": "sha256-ShmTfoa7D+E+yaa7HYX7oaePuq2cT1CpiTnFjhFXUTU=",
        "owner": "NixOS",
        "repo": "nixpkgs",
        "rev": "cbe2bee06f376d8b916e7c8bda33180ba228b3dc",
        "type": "github"
      },
      "original": {
        "owner": "NixOS",
        "ref": "nixpkgs-26.05-darwin",
        "repo": "nixpkgs",
        "type": "github"
      }
    },
    "nixpkgs-unstable": {
      "locked": {
        "lastModified": 1783214977,
        "narHash": "sha256-0lkauQbtrljJqwtzTCILPAiHAJyMvn6XDo264moDv30=",
        "owner": "NixOS",
        "repo": "nixpkgs",
        "rev": "6edbf1a6a03e75886a6609c088801a0856449e88",
        "type": "github"
      },
      "original": {
        "owner": "NixOS",
        "ref": "nixpkgs-unstable",
        "repo": "nixpkgs",
        "type": "github"
      }
    },
    "root": {
      "inputs": {
        "home-manager": "home-manager",
        "nix-darwin": "nix-darwin",
        "nixpkgs": "nixpkgs",
        "nixpkgs-unstable": "nixpkgs-unstable"
      }
    }
  },
  "root": "root",
  "version": 7
}
