NeoBundleLock DrawIt 4e824fc939cec81dc2a8f4d91aaeb6151d1cc140
NeoBundleLock caw.vim 20b15cfe78ac5cde0e17b495e9256fe1b4577987
NeoBundleLock emmet-vim af10f14ae5bf31e3cd3b4444e9c336b71821777b
NeoBundleLock excitetranslate-vim df1adacf853ca79d9c2c8a97b4549cd0e00f6392
NeoBundleLock gundo.vim 3975ac871565115e3769dc69c06bc88ddc1369af
NeoBundleLock hatena-vim 5ae3f731be59ab13ae1c70c2ab1c7f88ab2c1bdb
NeoBundleLock html5.vim af307a05a47866d6124ef70db6d8f04b8649671e
NeoBundleLock jellybeans.vim f931895c20681684278aef2ffd810730b9c36ec3
NeoBundleLock lightline.vim 387606ebc57e4f5a48f788397ce8a3aee4ce5a23
NeoBundleLock neco-look 28aa7b97677e87399aad2095c69c83a1c71d2f74
NeoBundleLock neobundle.vim 5e0a81aba9185199c634c81b3e502639c49850b4
NeoBundleLock neocomplete.vim e5ec44a332e0179e320e2f76cfca8b9411fed354
NeoBundleLock nerdtree 3b98a7fcae8f9fff356907171f0406ff8cd28921
NeoBundleLock quickfixstatus fd3875b914fc51bbefefa8c4995588c088163053
NeoBundleLock ref-dicts-en e7163ef5951e0375c4f8e2c3b61a6a07477667eb
NeoBundleLock shabadou.vim c5af30bb0c028d53cfd89e00cab636c844034a9a
NeoBundleLock syntastic 231a78f5de3690a2f672b4e8df68a28156c943d4
NeoBundleLock unite-colorscheme 3aa33866a183f7659594a3f6b66b2334eaebc6a0
NeoBundleLock unite-outline 0dffdfcffdd963feae958aab4260f21508692b4e
NeoBundleLock unite-quickfix f9b8d5f95ff2536abca1e81bd67dc740e5ee24a6
NeoBundleLock unite.vim b15be3a7b1e147bfc55f73d8e899b36f9f7a588b
NeoBundleLock vim-alignta cb3d593c48d7d3aef829b5aff49ddade24417a9f
NeoBundleLock vim-coloresque 0c21b1469993e610600e88e734ffe90b9c10a514
NeoBundleLock vim-css3-syntax 9301019689e88ab48742a4d1c32c6a094303040d
NeoBundleLock vim-easymotion 8acdfc60e58bb0600ded42a4f752bec6e3b6d882
NeoBundleLock vim-hier ad47fe2dbe2b165efc302699c0122ec04e3f414e
NeoBundleLock vim-quickrun f6af619e66edb3a9b034f6c7a46025732347285c
NeoBundleLock vim-ref 63cef8fe51e597f0b0475b654961cef01feabd93
NeoBundleLock vim-surround ec579a50478758ee6cebe265cf536f9a2f6c4e34
NeoBundleLock vim-textmanip f9ba6df8838be0fcf8fb763459bfac35c5df2e78
NeoBundleLock vimproc.vim 0f68bcd93399ecbcde3eaa4efd09107314c9bdee
NeoBundleLock vimshell b65c2d530a7e42572bf404c7f8744655a4091ebe
NeoBundleLock webapi-vim a7789abffe936db56e3152e23733847f94755753
