# @generated - this file is auto-generated by `mise lock` https://mise.en.dev/dev-tools/mise-lock.html

[[tools.actionlint]]
version = "1.7.12"
backend = "aqua:rhysd/actionlint"

[tools.actionlint."platforms.linux-x64"]
checksum = "sha256:8aca8db96f1b94770f1b0d72b6dddcb1ebb8123cb3712530b08cc387b349a3d8"
url = "https://github.com/rhysd/actionlint/releases/download/v1.7.12/actionlint_1.7.12_linux_amd64.tar.gz"
url_api = "https://api.github.com/repos/rhysd/actionlint/releases/assets/384924896"
provenance = "github-attestations"

[tools.actionlint."platforms.macos-arm64"]
checksum = "sha256:aba9ced2dee8d27fecca3dc7feb1a7f9a52caefa1eb46f3271ea66b6e0e6953f"
url = "https://github.com/rhysd/actionlint/releases/download/v1.7.12/actionlint_1.7.12_darwin_arm64.tar.gz"
url_api = "https://api.github.com/repos/rhysd/actionlint/releases/assets/384924893"
provenance = "github-attestations"

[[tools."aqua:k1LoW/mo"]]
version = "v1.6.7"
backend = "aqua:k1LoW/mo"

[tools."aqua:k1LoW/mo"."platforms.linux-x64"]
checksum = "sha256:130666a7c8dfd1528d07f87b21adf5bfc1314707889e85ebbab1a5248d7ded11"
url = "https://github.com/k1LoW/mo/releases/download/v1.6.7/mo_v1.6.7_linux_amd64.tar.gz"
url_api = "https://api.github.com/repos/k1LoW/mo/releases/assets/499857678"

[tools."aqua:k1LoW/mo"."platforms.macos-arm64"]
checksum = "sha256:83c0efa272b3044c8189f6ffb74bc6ecb20e3d9299eed476e63ee72d149643f4"
url = "https://github.com/k1LoW/mo/releases/download/v1.6.7/mo_v1.6.7_darwin_arm64.zip"
url_api = "https://api.github.com/repos/k1LoW/mo/releases/assets/499857651"

[[tools.betterleaks]]
version = "v1.8.1"
backend = "aqua:betterleaks/betterleaks"

[tools.betterleaks."platforms.linux-x64"]
checksum = "sha256:efa407244e1ea8e35f582b8a42becdeac08bdead04f68eb752adda722d583c2a"
url = "https://github.com/betterleaks/betterleaks/releases/download/v1.8.1/betterleaks_1.8.1_linux_x64.tar.gz"
url_api = "https://api.github.com/repos/betterleaks/betterleaks/releases/assets/519981768"
provenance = "cosign"

[tools.betterleaks."platforms.macos-arm64"]
checksum = "sha256:8e80f33b5f2a7426b390347b9fd466033723cb94b6bdffa7572632e2eaec964e"
url = "https://github.com/betterleaks/betterleaks/releases/download/v1.8.1/betterleaks_1.8.1_darwin_arm64.tar.gz"
url_api = "https://api.github.com/repos/betterleaks/betterleaks/releases/assets/519981770"
provenance = "cosign"

[[tools.bun]]
version = "1.4.1"
backend = "core:bun"

[tools.bun."platforms.linux-x64"]
checksum = "sha256:74c1c3bee7cd998500c8f969cd8972355ac6a07207e94a39eece1999b56ffabf"
url = "https://github.com/oven-sh/bun/releases/download/bun-v1.4.1/bun-linux-x64.zip"

[tools.bun."platforms.linux-x64-baseline"]
checksum = "sha256:a8c9c6738202e2fced555dd860a953c56c0cd059f75041e7010ae81a32802646"
url = "https://github.com/oven-sh/bun/releases/download/bun-v1.4.1/bun-linux-x64-baseline.zip"

[tools.bun."platforms.linux-x64-musl"]
checksum = "sha256:ea116fe09f2f764c87b9bf735225b781d1f7674ca58d66040470f38a7943c8ab"
url = "https://github.com/oven-sh/bun/releases/download/bun-v1.4.1/bun-linux-x64-musl.zip"

[tools.bun."platforms.linux-x64-musl-baseline"]
checksum = "sha256:74d04038a21e6ae816f9e74525b754b85294be99632b336cb4c57019c9313829"
url = "https://github.com/oven-sh/bun/releases/download/bun-v1.4.1/bun-linux-x64-musl-baseline.zip"

[tools.bun."platforms.macos-arm64"]
checksum = "sha256:d8973ce835fa7867e5cc79afee6fc6f1ae0117aa4bd5fc2546fd00c512f71386"
url = "https://github.com/oven-sh/bun/releases/download/bun-v1.4.1/bun-darwin-aarch64.zip"

[[tools.claude]]
version = "2.1.260"
backend = "aqua:anthropics/claude-code"

[tools.claude."platforms.linux-x64"]
checksum = "sha256:85c098eb76ef7476e7d6c7b813a8a4a42c3c95656947809166102067f5a3d551"
url = "https://github.com/anthropics/claude-code/releases/download/v2.1.260/claude-linux-x64.tar.gz"
url_api = "https://api.github.com/repos/anthropics/claude-code/releases/assets/543428994"

[tools.claude."platforms.macos-arm64"]
checksum = "sha256:c333c99bc4eb8e3d10685afb3ba0c5b7be7864f1b702575f2c6d145bfe370329"
url = "https://github.com/anthropics/claude-code/releases/download/v2.1.260/claude-darwin-arm64.tar.gz"
url_api = "https://api.github.com/repos/anthropics/claude-code/releases/assets/543428937"

[[tools."github:Songmu/maltmill"]]
version = "1.5.0"
backend = "github:Songmu/maltmill"

[tools."github:Songmu/maltmill"."platforms.linux-x64"]
checksum = "sha256:30baaa14ffbf57cee77030cdc639ad561bac7ce2f40bb8e65333ba80e4032247"
url = "https://github.com/Songmu/maltmill/releases/download/v1.5.0/maltmill_v1.5.0_linux_amd64.tar.gz"
url_api = "https://api.github.com/repos/Songmu/maltmill/releases/assets/367631483"

[tools."github:Songmu/maltmill"."platforms.macos-arm64"]
checksum = "sha256:d1adee9f73487db8b27f33dc3c3ac3e7833d1f377def549a77ff46ef36447cfc"
url = "https://github.com/Songmu/maltmill/releases/download/v1.5.0/maltmill_v1.5.0_darwin_arm64.zip"
url_api = "https://api.github.com/repos/Songmu/maltmill/releases/assets/367631473"

[[tools."github:ast-grep/ast-grep"]]
version = "0.45.3"
backend = "github:ast-grep/ast-grep"

[tools."github:ast-grep/ast-grep"."platforms.linux-x64"]
checksum = "sha256:f8ac830881339d1edee6b2652f54798c0f4da5a827f2db38a08ee31117783ce8"
url = "https://github.com/ast-grep/ast-grep/releases/download/0.45.3/app-x86_64-unknown-linux-gnu.zip"
url_api = "https://api.github.com/repos/ast-grep/ast-grep/releases/assets/537332692"

[tools."github:ast-grep/ast-grep"."platforms.macos-arm64"]
checksum = "sha256:6d2279dea5bea2ad79c66ea93f5fe54ba926e398a8a26de76c56db68fe59eac6"
url = "https://github.com/ast-grep/ast-grep/releases/download/0.45.3/app-aarch64-apple-darwin.zip"
url_api = "https://api.github.com/repos/ast-grep/ast-grep/releases/assets/537332514"

[[tools."github:babarot/gh-infra"]]
version = "0.13.0"
backend = "github:babarot/gh-infra"

[tools."github:babarot/gh-infra"."platforms.linux-x64"]
checksum = "sha256:46d236f9bc4352654b32213c1638a4451a343e9c37358428083d268f44593c27"
url = "https://github.com/babarot/gh-infra/releases/download/v0.13.0/gh-infra_linux_amd64.tar.gz"
url_api = "https://api.github.com/repos/babarot/gh-infra/releases/assets/400858037"

[tools."github:babarot/gh-infra"."platforms.macos-arm64"]
checksum = "sha256:bd40cc3ab679d95e1c23dc68f5e15214b873066e21500e63cf4c32d10c401460"
url = "https://github.com/babarot/gh-infra/releases/download/v0.13.0/gh-infra_darwin_arm64.tar.gz"
url_api = "https://api.github.com/repos/babarot/gh-infra/releases/assets/400858046"

[[tools."github:go-task/task"]]
version = "3.53.1"
backend = "github:go-task/task"

[tools."github:go-task/task"."platforms.linux-x64"]
checksum = "sha256:a54a408f6861ff921f6e87774180db31bacd8c1e7c944ca696db9fea49a82fc7"
url = "https://github.com/go-task/task/releases/download/v3.53.1/task_linux_amd64.tar.gz"
url_api = "https://api.github.com/repos/go-task/task/releases/assets/519645449"

[tools."github:go-task/task"."platforms.macos-arm64"]
checksum = "sha256:85d2d96c2380b33d7855b07b3f7a20dc7ca0eda999a26efa0fb5f6f32b366cd7"
url = "https://github.com/go-task/task/releases/download/v3.53.1/task_darwin_arm64.tar.gz"
url_api = "https://api.github.com/repos/go-task/task/releases/assets/519645491"

[[tools."github:k1LoW/git-wt"]]
version = "0.29.1"
backend = "github:k1LoW/git-wt"

[tools."github:k1LoW/git-wt"."platforms.linux-x64"]
checksum = "sha256:37178ebc756598a9b28e76ef65e8931226a5faf9784b72b1596bdb0e7c15bb23"
url = "https://github.com/k1LoW/git-wt/releases/download/v0.29.1/git-wt_v0.29.1_linux_amd64.tar.gz"
url_api = "https://api.github.com/repos/k1LoW/git-wt/releases/assets/513764467"
provenance = "github-attestations"

[tools."github:k1LoW/git-wt"."platforms.macos-arm64"]
checksum = "sha256:9fccd453cb5c7f33a5ea079b659291d03d052eb57eb3daf2c8aac5f539c9e290"
url = "https://github.com/k1LoW/git-wt/releases/download/v0.29.1/git-wt_v0.29.1_darwin_arm64.zip"
url_api = "https://api.github.com/repos/k1LoW/git-wt/releases/assets/513764449"
provenance = "github-attestations"
provenance_verified = true

[[tools."github:k1LoW/octocov"]]
version = "0.76.0"
backend = "github:k1LoW/octocov"

[tools."github:k1LoW/octocov"."platforms.linux-x64"]
checksum = "sha256:7c27941649ee066452d0a07ee9f6d8c87f4511d2b2eff85f2e1b5be920d4d17a"
url = "https://github.com/k1LoW/octocov/releases/download/v0.76.0/octocov_v0.76.0_linux_amd64.tar.gz"
url_api = "https://api.github.com/repos/k1LoW/octocov/releases/assets/543726656"
provenance = "github-attestations"

[tools."github:k1LoW/octocov"."platforms.macos-arm64"]
checksum = "sha256:cb8214911fa7e0aed9e4e63f8fd7286f744f3f0b485242c01f2ac278b9698d94"
url = "https://github.com/k1LoW/octocov/releases/download/v0.76.0/octocov_v0.76.0_darwin_arm64.zip"
url_api = "https://api.github.com/repos/k1LoW/octocov/releases/assets/543724927"
provenance = "github-attestations"
provenance_verified = true

[[tools."github:k1LoW/roots"]]
version = "0.4.1"
backend = "github:k1LoW/roots"

[tools."github:k1LoW/roots"."platforms.linux-x64"]
checksum = "sha256:f67112927422b18e72ba5827a5e42e6e4ca771127ef65bf89daa6b03ae23de55"
url = "https://github.com/k1LoW/roots/releases/download/v0.4.1/roots_v0.4.1_linux_amd64.tar.gz"
url_api = "https://api.github.com/repos/k1LoW/roots/releases/assets/331596651"

[tools."github:k1LoW/roots"."platforms.macos-arm64"]
checksum = "sha256:7d658c375cbc331d075b18fcab15cf24147046b9c88d5587886f6e2e545b8b2a"
url = "https://github.com/k1LoW/roots/releases/download/v0.4.1/roots_v0.4.1_darwin_arm64.zip"
url_api = "https://api.github.com/repos/k1LoW/roots/releases/assets/331596657"

[[tools."github:ogulcancelik/herdr"]]
version = "0.8.2"
backend = "github:ogulcancelik/herdr"

[tools."github:ogulcancelik/herdr"."platforms.linux-x64"]
checksum = "sha256:976150a14d490c94b243ea2e1a7eb2dfb67f12e36b182db90936f6728e6aecf4"
url = "https://github.com/herdrdev/herdr/releases/download/v0.8.2/herdr-linux-x86_64"
url_api = "https://api.github.com/repos/herdrdev/herdr/releases/assets/521169107"
provenance = "github-attestations"

[tools."github:ogulcancelik/herdr"."platforms.macos-arm64"]
checksum = "sha256:a5d4f4d504d8b309c91f811050559300faba31258425f53c50852fc96f6ae574"
url = "https://github.com/herdrdev/herdr/releases/download/v0.8.2/herdr-macos-aarch64"
url_api = "https://api.github.com/repos/herdrdev/herdr/releases/assets/521169108"
provenance = "github-attestations"
provenance_verified = true

[[tools."github:shuymn/kastty"]]
version = "0.2.1"
backend = "github:shuymn/kastty"

[tools."github:shuymn/kastty"."platforms.linux-x64"]
checksum = "sha256:92766525de446b215ef904011e4482cc70a2529391b49e8542b024251f704cf1"
url = "https://github.com/shuymn/kastty/releases/download/v0.2.1/kastty_v0.2.1_linux_amd64.tar.gz"
url_api = "https://api.github.com/repos/shuymn/kastty/releases/assets/425419461"
provenance = "github-attestations"

[tools."github:shuymn/kastty"."platforms.macos-arm64"]
checksum = "sha256:8a5b671da4d19d640763654e3fee1c8880a9776a7e8ba2e42d8dacc8d803c34f"
url = "https://github.com/shuymn/kastty/releases/download/v0.2.1/kastty_v0.2.1_darwin_arm64.zip"
url_api = "https://api.github.com/repos/shuymn/kastty/releases/assets/425419465"
provenance = "github-attestations"

[[tools."github:shuymn/pommitlint"]]
version = "2.0.1"
backend = "github:shuymn/pommitlint"

[tools."github:shuymn/pommitlint"."platforms.linux-x64"]
checksum = "sha256:ead07393cee3bbee597e620c5bb5bdeb2965126b0180c9b3bbd982559fa5b391"
url = "https://github.com/shuymn/pommitlint/releases/download/v2.0.1/pommitlint_v2.0.1_linux_amd64.tar.gz"
url_api = "https://api.github.com/repos/shuymn/pommitlint/releases/assets/425218167"
provenance = "github-attestations"

[tools."github:shuymn/pommitlint"."platforms.macos-arm64"]
checksum = "sha256:37978880a7e0786646435df6885f999b4ee972531bba25eead80b3803b7ff54e"
url = "https://github.com/shuymn/pommitlint/releases/download/v2.0.1/pommitlint_v2.0.1_darwin_arm64.tar.gz"
url_api = "https://api.github.com/repos/shuymn/pommitlint/releases/assets/425218166"
provenance = "github-attestations"

[[tools."github:suzuki-shunsuke/ghalint"]]
version = "1.5.6"
backend = "github:suzuki-shunsuke/ghalint"

[tools."github:suzuki-shunsuke/ghalint"."platforms.linux-x64"]
checksum = "sha256:98ee0e3330de7286f470d1e89c03ff7ce70d7a5998ba0f15969c400447be579c"
url = "https://github.com/suzuki-shunsuke/ghalint/releases/download/v1.5.6/ghalint_1.5.6_linux_amd64.tar.gz"
url_api = "https://api.github.com/repos/suzuki-shunsuke/ghalint/releases/assets/409631220"
provenance = "github-attestations"

[tools."github:suzuki-shunsuke/ghalint"."platforms.macos-arm64"]
checksum = "sha256:1262cac411e27b4653e6b66b7b06580ebcc2026fdd903e12e6cb0e4591639de6"
url = "https://github.com/suzuki-shunsuke/ghalint/releases/download/v1.5.6/ghalint_1.5.6_darwin_arm64.tar.gz"
url_api = "https://api.github.com/repos/suzuki-shunsuke/ghalint/releases/assets/409631219"
provenance = "github-attestations"

[[tools."github:suzuki-shunsuke/pinact"]]
version = "4.1.1"
backend = "github:suzuki-shunsuke/pinact"

[tools."github:suzuki-shunsuke/pinact"."platforms.linux-x64"]
checksum = "sha256:d1cffebe5704b74e2e5f8a864efb9f7e54768972dc686188c008033fb1797841"
url = "https://github.com/suzuki-shunsuke/pinact/releases/download/v4.1.1/pinact_linux_amd64.tar.gz"
url_api = "https://api.github.com/repos/suzuki-shunsuke/pinact/releases/assets/494702259"
provenance = "github-attestations"

[tools."github:suzuki-shunsuke/pinact"."platforms.macos-arm64"]
checksum = "sha256:c13998c9f0dd09d8973700938aa5f6ac52a1db4e94d4f578d8cc976cda478614"
url = "https://github.com/suzuki-shunsuke/pinact/releases/download/v4.1.1/pinact_darwin_arm64.tar.gz"
url_api = "https://api.github.com/repos/suzuki-shunsuke/pinact/releases/assets/494702257"
provenance = "github-attestations"
provenance_verified = true

[[tools."github:tomasz-tomczyk/crit"]]
version = "0.19.1"
backend = "github:tomasz-tomczyk/crit"

[tools."github:tomasz-tomczyk/crit"."platforms.linux-x64"]
checksum = "sha256:cdc0769ac41c12fc210e70f43eb33b2d75cba7f6052b47d01f1349215ce1f7ad"
url = "https://github.com/tomasz-tomczyk/crit/releases/download/v0.19.1/crit-linux-amd64"
url_api = "https://api.github.com/repos/tomasz-tomczyk/crit/releases/assets/533670974"

[tools."github:tomasz-tomczyk/crit"."platforms.macos-arm64"]
checksum = "sha256:8ec9468b6fc39e0121a887959c0c95e0301aa12af40bfb449e8d194601a6cfbb"
url = "https://github.com/tomasz-tomczyk/crit/releases/download/v0.19.1/crit-darwin-arm64"
url_api = "https://api.github.com/repos/tomasz-tomczyk/crit/releases/assets/533670980"

[[tools."github:xdevplatform/xurl"]]
version = "1.3.1"
backend = "github:xdevplatform/xurl"

[tools."github:xdevplatform/xurl"."platforms.linux-x64"]
checksum = "sha256:ccfc4b3ca5240565da650ef003b51d7f887eabe0c6e3797802410240289d4feb"
url = "https://github.com/xdevplatform/xurl/releases/download/v1.3.1/xurl_Linux_x86_64.tar.gz"
url_api = "https://api.github.com/repos/xdevplatform/xurl/releases/assets/485078002"

[tools."github:xdevplatform/xurl"."platforms.macos-arm64"]
checksum = "sha256:5e12707cb4ec625ff44cf6e22780eae39e430fa13db6e890c43db42dbeafa008"
url = "https://github.com/xdevplatform/xurl/releases/download/v1.3.1/xurl_Darwin_arm64.tar.gz"
url_api = "https://api.github.com/repos/xdevplatform/xurl/releases/assets/485078005"

[[tools."github:zellij-org/zellij"]]
version = "0.45.1"
backend = "github:zellij-org/zellij"

[tools."github:zellij-org/zellij"."platforms.linux-x64"]
checksum = "sha256:40bcc2e03f5d5ae8e054e39f676081fe12ab70871506996ba595834c3718eefc"
url = "https://github.com/zellij-org/zellij/releases/download/v0.45.1/zellij-x86_64-unknown-linux-musl.tar.gz"
url_api = "https://api.github.com/repos/zellij-org/zellij/releases/assets/533538763"

[tools."github:zellij-org/zellij"."platforms.macos-arm64"]
checksum = "sha256:c029ba4fe1927b79ad9f0cdd59155c4dff80777863c85857d4d09b88b56f9891"
url = "https://github.com/zellij-org/zellij/releases/download/v0.45.1/zellij-aarch64-apple-darwin.tar.gz"
url_api = "https://api.github.com/repos/zellij-org/zellij/releases/assets/533540212"

[[tools.go]]
version = "1.27.1"
backend = "core:go"

[tools.go."platforms.linux-x64"]
checksum = "sha256:63d339f0da5ab53635a56f2490a7984dfe12dfcff22ad749f63edaf590168445"
url = "https://dl.google.com/go/go1.27.1.linux-amd64.tar.gz"

[tools.go."platforms.macos-arm64"]
checksum = "sha256:ee215d57e0ec269c60cc9ceca68e6bda321ba9ee5afe24f4b0988703c2d87d12"
url = "https://dl.google.com/go/go1.27.1.darwin-arm64.tar.gz"

[[tools."http:cursor-agent"]]
version = "2026.09.02-c22c1a3"
backend = "http:cursor-agent"

[tools."http:cursor-agent"."platforms.linux-x64"]
url = "https://downloads.cursor.com/lab/2026.09.02-c22c1a3/linux/x64/agent-cli-package.tar.gz"

[tools."http:cursor-agent"."platforms.macos-arm64"]
url = "https://downloads.cursor.com/lab/2026.09.02-c22c1a3/darwin/arm64/agent-cli-package.tar.gz"

[[tools.lazygit]]
version = "0.64.1"
backend = "aqua:jesseduffield/lazygit"

[tools.lazygit."platforms.linux-x64"]
checksum = "sha256:f8ea237c41f194cd799b48505518bfdaae4edf5a2ad6bd3d898e939785ee4532"
url = "https://github.com/jesseduffield/lazygit/releases/download/v0.64.1/lazygit_0.64.1_linux_x86_64.tar.gz"
url_api = "https://api.github.com/repos/jesseduffield/lazygit/releases/assets/511894209"

[tools.lazygit."platforms.macos-arm64"]
checksum = "sha256:a106b4c1bf8ab7539c4afb40a01cbde263a96513cdcb8bf7630278f07e88cd99"
url = "https://github.com/jesseduffield/lazygit/releases/download/v0.64.1/lazygit_0.64.1_darwin_arm64.tar.gz"
url_api = "https://api.github.com/repos/jesseduffield/lazygit/releases/assets/511894212"

[[tools.lefthook]]
version = "2.1.12"
backend = "aqua:evilmartians/lefthook"

[tools.lefthook."platforms.linux-x64"]
checksum = "sha256:dad908593c859d139b886c14913a44401d95288aa7642d9bdf6f3bd36bd788ff"
url = "https://github.com/evilmartians/lefthook/releases/download/v2.1.12/lefthook_2.1.12_Linux_x86_64.gz"
url_api = "https://api.github.com/repos/evilmartians/lefthook/releases/assets/533627780"
provenance = "github-attestations"

[tools.lefthook."platforms.macos-arm64"]
checksum = "sha256:f23eac328ca50c7b775dc24dc275cdeacb65e16cf8bd1745d18e3c563f704f94"
url = "https://github.com/evilmartians/lefthook/releases/download/v2.1.12/lefthook_2.1.12_MacOS_arm64.gz"
url_api = "https://api.github.com/repos/evilmartians/lefthook/releases/assets/533627758"
provenance = "github-attestations"

[[tools.node]]
version = "24.20.0"
backend = "core:node"

[tools.node."platforms.linux-x64"]
checksum = "sha256:855d581f8a4eb1a8117e3426de25fe02770592febcfb31369aee1ffbfee9e8ec"
url = "https://nodejs.org/dist/v24.20.0/node-v24.20.0-linux-x64.tar.gz"

[tools.node."platforms.macos-arm64"]
checksum = "sha256:40e5607e5ecb3db9192723776da2d75d966260fc74a7a9e731c1bd67dda96bc8"
url = "https://nodejs.org/dist/v24.20.0/node-v24.20.0-darwin-arm64.tar.gz"

[[tools."npm:@earendil-works/pi-coding-agent"]]
version = "0.85.0"
backend = "npm:@earendil-works/pi-coding-agent"

[[tools."npm:@openai/codex"]]
version = "0.153.2"
backend = "npm:@openai/codex"

[[tools."npm:skills"]]
version = "1.5.23"
backend = "npm:skills"

[[tools."pipx:microsandbox"]]
version = "0.6.16"
backend = "pipx:microsandbox"

[[tools."pipx:tavily-cli"]]
version = "0.1.8"
backend = "pipx:tavily-cli"

[[tools.python]]
version = "3.14.7"
backend = "core:python"

[tools.python."platforms.linux-x64"]
checksum = "sha256:a3a4e4b81b138960c7c546694df8a77578c0b6aa46d47e96f49b9e10e8f860c9"
url = "https://github.com/astral-sh/python-build-standalone/releases/download/20260805/cpython-3.14.7+20260805-x86_64-unknown-linux-gnu-install_only_stripped.tar.gz"
provenance = "github-attestations"

[tools.python."platforms.macos-arm64"]
checksum = "sha256:abbf6e8530a283ed795fa91fd6bcf4501e2b1fa287b2cb1c15b70d3028f3a7c9"
url = "https://github.com/astral-sh/python-build-standalone/releases/download/20260805/cpython-3.14.7+20260805-aarch64-apple-darwin-install_only_stripped.tar.gz"
provenance = "github-attestations"

[[tools.terraform]]
version = "1.16.1"
backend = "aqua:hashicorp/terraform"

[tools.terraform."platforms.linux-x64"]
checksum = "sha256:745d33b4b02b7980c62a38ec1beea24ee084ea8caf3f503c200554bd9a0cbe49"
url = "https://releases.hashicorp.com/terraform/1.16.1/terraform_1.16.1_linux_amd64.zip"

[tools.terraform."platforms.macos-arm64"]
checksum = "sha256:e22cba761ddbd4d218939b28715ab3af37aaf8a42efa41f7d75b2c3d73636060"
url = "https://releases.hashicorp.com/terraform/1.16.1/terraform_1.16.1_darwin_arm64.zip"

[[tools.uv]]
version = "0.12.9"
backend = "aqua:astral-sh/uv"

[tools.uv."platforms.linux-x64"]
checksum = "sha256:aa4b1f8770910f7c7c543c7acc980e4270e52e70750c996acef813ea1c7c2912"
url = "https://github.com/astral-sh/uv/releases/download/0.12.9/uv-x86_64-unknown-linux-musl.tar.gz"
url_api = "https://api.github.com/repos/astral-sh/uv/releases/assets/540201044"
provenance = "github-attestations"

[tools.uv."platforms.macos-arm64"]
checksum = "sha256:301f72afaf54060f92da7016cb0115bd077f43a9c8e39c1d8170a0bac80fd398"
url = "https://github.com/astral-sh/uv/releases/download/0.12.9/uv-aarch64-apple-darwin.tar.gz"
url_api = "https://api.github.com/repos/astral-sh/uv/releases/assets/540200930"
provenance = "github-attestations"
